{
  "name": "addpornography",
  "version": "1.0.0",
  "lockfileVersion": 1,
  "requires": true,
  "dependencies": {
    "@protobufjs/aspromise": {
      "version": "1.1.2",
      "resolved": "https://bandwidth.jfrog.io/bandwidth/api/npm/forge-npm/@protobufjs/aspromise/-/aspromise-1.1.2.tgz",
      "integrity": "sha1-m4sMxmPWaafY9vXQiToU00jzD78="
    },
    "@protobufjs/base64": {
      "version": "1.1.2",
      "resolved": "https://bandwidth.jfrog.io/bandwidth/api/npm/forge-npm/@protobufjs/base64/-/base64-1.1.2.tgz",
      "integrity": "sha1-TIVzDlm5ofHzSQR9vyQpYDS7JzU="
    },
    "@protobufjs/codegen": {
      "version": "2.0.4",
      "resolved": "https://bandwidth.jfrog.io/bandwidth/api/npm/forge-npm/@protobufjs/codegen/-/codegen-2.0.4.tgz",
      "integrity": "sha1-fvN/DQEPsCitGtWXIuUG2SYoFcs="
    },
    "@protobufjs/eventemitter": {
      "version": "1.1.0",
      "resolved": "https://bandwidth.jfrog.io/bandwidth/api/npm/forge-npm/@protobufjs/eventemitter/-/eventemitter-1.1.0.tgz",
      "integrity": "sha1-NVy8mLr61ZePntCV85diHx0Ga3A="
    },
    "@protobufjs/fetch": {
      "version": "1.1.0",
      "resolved": "https://bandwidth.jfrog.io/bandwidth/api/npm/forge-npm/@protobufjs/fetch/-/fetch-1.1.0.tgz",
      "integrity": "sha1-upn7WYYUr2VwDBYZ/wbUVLDYTEU=",
      "requires": {
        "@protobufjs/aspromise": "^1.1.1",
        "@protobufjs/inquire": "^1.1.0"
      }
    },
    "@protobufjs/float": {
      "version": "1.0.2",
      "resolved": "https://bandwidth.jfrog.io/bandwidth/api/npm/forge-npm/@protobufjs/float/-/float-1.0.2.tgz",
      "integrity": "sha1-Xp4avctz/Ap8uLKR33jIy9l7h9E="
    },
    "@protobufjs/inquire": {
      "version": "1.1.0",
      "resolved": "https://bandwidth.jfrog.io/bandwidth/api/npm/forge-npm/@protobufjs/inquire/-/inquire-1.1.0.tgz",
      "integrity": "sha1-/yAOPnzyQp4tyvwRQIKOjMY48Ik="
    },
    "@protobufjs/path": {
      "version": "1.1.2",
      "resolved": "https://bandwidth.jfrog.io/bandwidth/api/npm/forge-npm/@protobufjs/path/-/path-1.1.2.tgz",
      "integrity": "sha1-bMKyDFya1q0NzP0hynZz2Nf79o0="
    },
    "@protobufjs/pool": {
      "version": "1.1.0",
      "resolved": "https://bandwidth.jfrog.io/bandwidth/api/npm/forge-npm/@protobufjs/pool/-/pool-1.1.0.tgz",
      "integrity": "sha1-Cf0V8tbTq/qbZbw2ZQbWrXhG/1Q="
    },
    "@protobufjs/utf8": {
      "version": "1.1.0",
      "resolved": "https://bandwidth.jfrog.io/bandwidth/api/npm/forge-npm/@protobufjs/utf8/-/utf8-1.1.0.tgz",
      "integrity": "sha1-p3c2C1s5oaLlEG+OhY8v0tBgxXA="
    },
    "@types/long": {
      "version": "4.0.1",
      "resolved": "https://bandwidth.jfrog.io/bandwidth/api/npm/forge-npm/@types/long/-/long-4.0.1.tgz",
      "integrity": "sha1-RZxl+hhn2v5qjzIsTFFpVmPMVek="
    },
    "ajv": {
      "version": "5.2.3",
      "resolved": "https://registry.npmjs.org/ajv/-/ajv-5.2.3.tgz",
      "integrity": "sha1-wG9Zh3jETGsWGrr+NGa4GtGBTtI=",
      "requires": {
        "co": "^4.6.0",
        "fast-deep-equal": "^1.0.0",
        "json-schema-traverse": "^0.3.0",
        "json-stable-stringify": "^1.0.1"
      }
    },
    "asn1": {
      "version": "0.2.3",
      "resolved": "https://registry.npmjs.org/asn1/-/asn1-0.2.3.tgz",
      "integrity": "sha1-2sh4dxPJlmhJ/IGAd36+nB3fO4Y="
    },
    "assert-plus": {
      "version": "1.0.0",
      "resolved": "https://registry.npmjs.org/assert-plus/-/assert-plus-1.0.0.tgz",
      "integrity": "sha1-8S4PPF13sLHN2RRpQuTpbB5N1SU="
    },
    "asynckit": {
      "version": "0.4.0",
      "resolved": "https://registry.npmjs.org/asynckit/-/asynckit-0.4.0.tgz",
      "integrity": "sha1-x57Zf380y48robyXkLzDZkdLS3k="
    },
    "aws-sign2": {
      "version": "0.7.0",
      "resolved": "https://registry.npmjs.org/aws-sign2/-/aws-sign2-0.7.0.tgz",
      "integrity": "sha1-tG6JCTSpWR8tL2+G1+ap8bP+dqg="
    },
    "aws4": {
      "version": "1.6.0",
      "resolved": "https://registry.npmjs.org/aws4/-/aws4-1.6.0.tgz",
      "integrity": "sha1-g+9cqGCysy5KDe7e6MdxudtXRx4="
    },
    "bcrypt-pbkdf": {
      "version": "1.0.1",
      "resolved": "https://registry.npmjs.org/bcrypt-pbkdf/-/bcrypt-pbkdf-1.0.1.tgz",
      "integrity": "sha1-Y7xdy2EzG5K8Bf1SiVPDNGKgb40=",
      "requires": {
        "tweetnacl": "^0.14.3"
      }
    },
    "bindings": {
      "version": "1.2.1",
      "resolved": "https://bandwidth.jfrog.io/bandwidth/api/npm/forge-npm/bindings/-/bindings-1.2.1.tgz",
      "integrity": "sha1-FK1hE4EtLTfXLme0ystLtyZQXxE="
    },
    "boom": {
      "version": "4.3.1",
      "resolved": "https://registry.npmjs.org/boom/-/boom-4.3.1.tgz",
      "integrity": "sha1-T4owBctKfjiJ90kDD9JbluAdLjE=",
      "requires": {
        "hoek": "4.x.x"
      }
    },
    "caseless": {
      "version": "0.12.0",
      "resolved": "https://registry.npmjs.org/caseless/-/caseless-0.12.0.tgz",
      "integrity": "sha1-G2gcIf+EAzyCZUMJBolCDRhxUdw="
    },
    "castv2": {
      "version": "0.1.10",
      "resolved": "https://bandwidth.jfrog.io/bandwidth/api/npm/forge-npm/castv2/-/castv2-0.1.10.tgz",
      "integrity": "sha1-098AEk8bqKl2kcad1EIh07X5PFY=",
      "requires": {
        "debug": "^4.1.1",
        "protobufjs": "^6.8.8"
      },
      "dependencies": {
        "debug": {
          "version": "4.1.1",
          "resolved": "https://bandwidth.jfrog.io/bandwidth/api/npm/forge-npm/debug/-/debug-4.1.1.tgz",
          "integrity": "sha1-O3ImAlUQnGtYnO4FDx1RYTlmR5E=",
          "requires": {
            "ms": "^2.1.1"
          }
        },
        "ms": {
          "version": "2.1.2",
          "resolved": "https://bandwidth.jfrog.io/bandwidth/api/npm/forge-npm/ms/-/ms-2.1.2.tgz",
          "integrity": "sha1-0J0fNXtEP0kzgqjrPM0YOHKuYAk="
        }
      }
    },
    "castv2-client": {
      "version": "1.2.0",
      "resolved": "https://registry.npmjs.org/castv2-client/-/castv2-client-1.2.0.tgz",
      "integrity": "sha1-qRk7GlRIuMuaBBW9AhyIEe17BUQ=",
      "requires": {
        "castv2": "~0.1.4",
        "debug": "^2.2.0"
      }
    },
    "co": {
      "version": "4.6.0",
      "resolved": "https://registry.npmjs.org/co/-/co-4.6.0.tgz",
      "integrity": "sha1-bqa989hTrlTMuOR7+gvz+QMfsYQ="
    },
    "combined-stream": {
      "version": "1.0.5",
      "resolved": "https://registry.npmjs.org/combined-stream/-/combined-stream-1.0.5.tgz",
      "integrity": "sha1-k4NwpXtKUd6ix3wV1cX9+JUWQAk=",
      "requires": {
        "delayed-stream": "~1.0.0"
      }
    },
    "core-util-is": {
      "version": "1.0.2",
      "resolved": "https://registry.npmjs.org/core-util-is/-/core-util-is-1.0.2.tgz",
      "integrity": "sha1-tf1UIgqivFq1eqtxQMlAdUUDwac="
    },
    "cross-spawn": {
      "version": "7.0.1",
      "resolved": "https://bandwidth.jfrog.io/bandwidth/api/npm/forge-npm/cross-spawn/-/cross-spawn-7.0.1.tgz",
      "integrity": "sha1-CrVihuD3wk4VPQTMKqAn5DqaXRQ=",
      "requires": {
        "path-key": "^3.1.0",
        "shebang-command": "^2.0.0",
        "which": "^2.0.1"
      }
    },
    "cryptiles": {
      "version": "3.1.2",
      "resolved": "https://registry.npmjs.org/cryptiles/-/cryptiles-3.1.2.tgz",
      "integrity": "sha1-qJ+7Ig9c4l7FboxKqKT9e1sNKf4=",
      "requires": {
        "boom": "5.x.x"
      },
      "dependencies": {
        "boom": {
          "version": "5.2.0",
          "resolved": "https://registry.npmjs.org/boom/-/boom-5.2.0.tgz",
          "integrity": "sha512-Z5BTk6ZRe4tXXQlkqftmsAUANpXmuwlsF5Oov8ThoMbQRzdGTA1ngYRW160GexgOgjsFOKJz0LYhoNi+2AMBUw==",
          "requires": {
            "hoek": "4.x.x"
          }
        }
      }
    },
    "dashdash": {
      "version": "1.14.1",
      "resolved": "https://registry.npmjs.org/dashdash/-/dashdash-1.14.1.tgz",
      "integrity": "sha1-hTz6D3y+L+1d4gMmuN1YEDX24vA=",
      "requires": {
        "assert-plus": "^1.0.0"
      }
    },
    "debug": {
      "version": "2.6.9",
      "resolved": "https://registry.npmjs.org/debug/-/debug-2.6.9.tgz",
      "integrity": "sha512-bC7ElrdJaJnPbAP+1EotYvqZsb3ecl5wi6Bfi6BJTUcNowp6cvspg0jXznRTKDjm/E7AdgFBVeAPVMNcKGsHMA==",
      "requires": {
        "ms": "2.0.0"
      }
    },
    "delayed-stream": {
      "version": "1.0.0",
      "resolved": "https://registry.npmjs.org/delayed-stream/-/delayed-stream-1.0.0.tgz",
      "integrity": "sha1-3zrhmayt+31ECqrgsp4icrJOxhk="
    },
    "ecc-jsbn": {
      "version": "0.1.1",
      "resolved": "https://registry.npmjs.org/ecc-jsbn/-/ecc-jsbn-0.1.1.tgz",
      "integrity": "sha1-D8c6ntXw1Tw4GTOYUj735UN3dQU=",
      "requires": {
        "jsbn": "~0.1.0"
      }
    },
    "end-of-stream": {
      "version": "1.4.4",
      "resolved": "https://bandwidth.jfrog.io/bandwidth/api/npm/forge-npm/end-of-stream/-/end-of-stream-1.4.4.tgz",
      "integrity": "sha1-WuZKX0UFe682JuwU2gyl5LJDHrA=",
      "requires": {
        "once": "^1.4.0"
      }
    },
    "execa": {
      "version": "3.2.0",
      "resolved": "https://bandwidth.jfrog.io/bandwidth/api/npm/forge-npm/execa/-/execa-3.2.0.tgz",
      "integrity": "sha1-GDJrecerf71mEP2QDBuelfpI+Qo=",
      "requires": {
        "cross-spawn": "^7.0.0",
        "get-stream": "^5.0.0",
        "human-signals": "^1.1.1",
        "is-stream": "^2.0.0",
        "merge-stream": "^2.0.0",
        "npm-run-path": "^4.0.0",
        "onetime": "^5.1.0",
        "p-finally": "^2.0.0",
        "signal-exit": "^3.0.2",
        "strip-final-newline": "^2.0.0"
      }
    },
    "extend": {
      "version": "3.0.1",
      "resolved": "https://registry.npmjs.org/extend/-/extend-3.0.1.tgz",
      "integrity": "sha1-p1Xqe8Gt/MWjHOfnYtuq3F5jZEQ="
    },
    "extsprintf": {
      "version": "1.3.0",
      "resolved": "https://registry.npmjs.org/extsprintf/-/extsprintf-1.3.0.tgz",
      "integrity": "sha1-lpGEQOMEGnpBT4xS48V06zw+HgU="
    },
    "fast-deep-equal": {
      "version": "1.0.0",
      "resolved": "https://registry.npmjs.org/fast-deep-equal/-/fast-deep-equal-1.0.0.tgz",
      "integrity": "sha1-liVqO8l1WV6zbYLpkp0GDYk0Of8="
    },
    "fast-json-stable-stringify": {
      "version": "2.1.0",
      "resolved": "https://bandwidth.jfrog.io/bandwidth/api/npm/forge-npm/fast-json-stable-stringify/-/fast-json-stable-stringify-2.1.0.tgz",
      "integrity": "sha1-h0v2nG9ATCtdmcSBNBOZ/VWJJjM="
    },
    "forever-agent": {
      "version": "0.6.1",
      "resolved": "https://registry.npmjs.org/forever-agent/-/forever-agent-0.6.1.tgz",
      "integrity": "sha1-+8cfDEGt6zf5bFd60e1C2P2sypE="
    },
    "form-data": {
      "version": "2.3.1",
      "resolved": "https://registry.npmjs.org/form-data/-/form-data-2.3.1.tgz",
      "integrity": "sha1-b7lPvXGIUwbXPRXMSX/kzE7NRL8=",
      "requires": {
        "asynckit": "^0.4.0",
        "combined-stream": "^1.0.5",
        "mime-types": "^2.1.12"
      }
    },
    "get-stream": {
      "version": "5.1.0",
      "resolved": "https://bandwidth.jfrog.io/bandwidth/api/npm/forge-npm/get-stream/-/get-stream-5.1.0.tgz",
      "integrity": "sha1-ASA83JJZf5uQkGfD5lbMH008Tck=",
      "requires": {
        "pump": "^3.0.0"
      }
    },
    "getpass": {
      "version": "0.1.7",
      "resolved": "https://registry.npmjs.org/getpass/-/getpass-0.1.7.tgz",
      "integrity": "sha1-Xv+OPmhNVprkyysSgmBOi6YhSfo=",
      "requires": {
        "assert-plus": "^1.0.0"
      }
    },
    "har-schema": {
      "version": "2.0.0",
      "resolved": "https://registry.npmjs.org/har-schema/-/har-schema-2.0.0.tgz",
      "integrity": "sha1-qUwiJOvKwEeCoNkDVSHyRzW37JI="
    },
    "har-validator": {
      "version": "5.0.3",
      "resolved": "https://registry.npmjs.org/har-validator/-/har-validator-5.0.3.tgz",
      "integrity": "sha1-ukAsJmGU8VlW7xXg/PJCmT9qff0=",
      "requires": {
        "ajv": "^5.1.0",
        "har-schema": "^2.0.0"
      }
    },
    "hashish": {
      "version": "0.0.4",
      "resolved": "https://bandwidth.jfrog.io/bandwidth/api/npm/forge-npm/hashish/-/hashish-0.0.4.tgz",
      "integrity": "sha1-bWC8b/r3Ebav1g5CbQd5iAFOZVQ=",
      "requires": {
        "traverse": ">=0.2.4"
      }
    },
    "hawk": {
      "version": "6.0.2",
      "resolved": "https://registry.npmjs.org/hawk/-/hawk-6.0.2.tgz",
      "integrity": "sha512-miowhl2+U7Qle4vdLqDdPt9m09K6yZhkLDTWGoUiUzrQCn+mHHSmfJgAyGaLRZbPmTqfFFjRV1QWCW0VWUJBbQ==",
      "requires": {
        "boom": "4.x.x",
        "cryptiles": "3.x.x",
        "hoek": "4.x.x",
        "sntp": "2.x.x"
      }
    },
    "hh-mm-ss": {
      "version": "1.2.0",
      "resolved": "https://bandwidth.jfrog.io/bandwidth/api/npm/forge-npm/hh-mm-ss/-/hh-mm-ss-1.2.0.tgz",
      "integrity": "sha1-bQ8LgoCCSmNMsdHyDgvHvItomUg=",
      "requires": {
        "zero-fill": "^2.2.3"
      }
    },
    "hoek": {
      "version": "4.2.0",
      "resolved": "https://registry.npmjs.org/hoek/-/hoek-4.2.0.tgz",
      "integrity": "sha512-v0XCLxICi9nPfYrS9RL8HbYnXi9obYAeLbSP00BmnZwCK9+Ih9WOjoZ8YoHCoav2csqn4FOz4Orldsy2dmDwmQ=="
    },
    "http-signature": {
      "version": "1.2.0",
      "resolved": "https://registry.npmjs.org/http-signature/-/http-signature-1.2.0.tgz",
      "integrity": "sha1-muzZJRFHcvPZW2WmCruPfBj7rOE=",
      "requires": {
        "assert-plus": "^1.0.0",
        "jsprim": "^1.2.2",
        "sshpk": "^1.7.0"
      }
    },
    "human-signals": {
      "version": "1.1.1",
      "resolved": "https://bandwidth.jfrog.io/bandwidth/api/npm/forge-npm/human-signals/-/human-signals-1.1.1.tgz",
      "integrity": "sha1-xbHNFPUK6uCatsWf5jujOV/k36M="
    },
    "is-stream": {
      "version": "2.0.0",
      "resolved": "https://bandwidth.jfrog.io/bandwidth/api/npm/forge-npm/is-stream/-/is-stream-2.0.0.tgz",
      "integrity": "sha1-venDJoDW+uBBKdasnZIc54FfeOM="
    },
    "is-typedarray": {
      "version": "1.0.0",
      "resolved": "https://registry.npmjs.org/is-typedarray/-/is-typedarray-1.0.0.tgz",
      "integrity": "sha1-5HnICFjfDBsR3dppQPlgEfzaSpo="
    },
    "isexe": {
      "version": "2.0.0",
      "resolved": "https://bandwidth.jfrog.io/bandwidth/api/npm/forge-npm/isexe/-/isexe-2.0.0.tgz",
      "integrity": "sha1-6PvzdNxVb/iUehDcsFctYz8s+hA="
    },
    "isstream": {
      "version": "0.1.2",
      "resolved": "https://registry.npmjs.org/isstream/-/isstream-0.1.2.tgz",
      "integrity": "sha1-R+Y/evVa+m+S4VAOaQ64uFKcCZo="
    },
    "jsbn": {
      "version": "0.1.1",
      "resolved": "https://registry.npmjs.org/jsbn/-/jsbn-0.1.1.tgz",
      "integrity": "sha1-peZUwuWi3rXyAdls77yoDA7y9RM="
    },
    "json-schema": {
      "version": "0.2.3",
      "resolved": "https://registry.npmjs.org/json-schema/-/json-schema-0.2.3.tgz",
      "integrity": "sha1-tIDIkuWaLwWVTOcnvT8qTogvnhM="
    },
    "json-schema-traverse": {
      "version": "0.3.1",
      "resolved": "https://registry.npmjs.org/json-schema-traverse/-/json-schema-traverse-0.3.1.tgz",
      "integrity": "sha1-NJptRMU6Ud6JtAgFxdXlm0F9M0A="
    },
    "json-stable-stringify": {
      "version": "1.0.1",
      "resolved": "https://registry.npmjs.org/json-stable-stringify/-/json-stable-stringify-1.0.1.tgz",
      "integrity": "sha1-mnWdOcXy/1A/1TAGRu1EX4jE+a8=",
      "requires": {
        "jsonify": "~0.0.0"
      }
    },
    "json-stringify-safe": {
      "version": "5.0.1",
      "resolved": "https://registry.npmjs.org/json-stringify-safe/-/json-stringify-safe-5.0.1.tgz",
      "integrity": "sha1-Epai1Y/UXxmg9s4B1lcB4sc1tus="
    },
    "jsonify": {
      "version": "0.0.0",
      "resolved": "https://registry.npmjs.org/jsonify/-/jsonify-0.0.0.tgz",
      "integrity": "sha1-LHS27kHZPKUbe1qu6PUDYx0lKnM="
    },
    "jsprim": {
      "version": "1.4.1",
      "resolved": "https://registry.npmjs.org/jsprim/-/jsprim-1.4.1.tgz",
      "integrity": "sha1-MT5mvB5cwG5Di8G3SZwuXFastqI=",
      "requires": {
        "assert-plus": "1.0.0",
        "extsprintf": "1.3.0",
        "json-schema": "0.2.3",
        "verror": "1.10.0"
      }
    },
    "long": {
      "version": "4.0.0",
      "resolved": "https://bandwidth.jfrog.io/bandwidth/api/npm/forge-npm/long/-/long-4.0.0.tgz",
      "integrity": "sha1-mntxz7fTYaGU6lVSQckvdGjVvyg="
    },
    "mdns": {
      "version": "2.5.1",
      "resolved": "https://bandwidth.jfrog.io/bandwidth/api/npm/forge-npm/mdns/-/mdns-2.5.1.tgz",
      "integrity": "sha1-9m0ZneJtw3J0D5yEybldtDKk/EY=",
      "requires": {
        "bindings": "~1.2.1",
        "nan": "^2.14.0"
      }
    },
    "merge-stream": {
      "version": "2.0.0",
      "resolved": "https://bandwidth.jfrog.io/bandwidth/api/npm/forge-npm/merge-stream/-/merge-stream-2.0.0.tgz",
      "integrity": "sha1-UoI2KaFN0AyXcPtq1H3GMQ8sH2A="
    },
    "mime-db": {
      "version": "1.30.0",
      "resolved": "https://registry.npmjs.org/mime-db/-/mime-db-1.30.0.tgz",
      "integrity": "sha1-dMZD2i3Z1qRTmZY0ZbJtXKfXHwE="
    },
    "mime-types": {
      "version": "2.1.17",
      "resolved": "https://registry.npmjs.org/mime-types/-/mime-types-2.1.17.tgz",
      "integrity": "sha1-Cdejk/A+mVp5+K+Fe3Cp4KsWVXo=",
      "requires": {
        "mime-db": "~1.30.0"
      }
    },
    "mimic-fn": {
      "version": "2.1.0",
      "resolved": "https://bandwidth.jfrog.io/bandwidth/api/npm/forge-npm/mimic-fn/-/mimic-fn-2.1.0.tgz",
      "integrity": "sha1-ftLCzMyvhNP/y3pptXcR/CCDQBs="
    },
    "minimist": {
      "version": "1.2.5",
      "resolved": "https://bandwidth.jfrog.io/bandwidth/api/npm/forge-npm/minimist/-/minimist-1.2.5.tgz",
      "integrity": "sha1-Z9ZgFLZqaoqqDAg8X9WN9OTpdgI="
    },
    "mkdirp": {
      "version": "0.5.3",
      "resolved": "https://bandwidth.jfrog.io/bandwidth/api/npm/forge-npm/mkdirp/-/mkdirp-0.5.3.tgz",
      "integrity": "sha1-WlFLcXklkoeVKIHpRBDsVGVln4w=",
      "requires": {
        "minimist": "^1.2.5"
      }
    },
    "ms": {
      "version": "2.0.0",
      "resolved": "https://registry.npmjs.org/ms/-/ms-2.0.0.tgz",
      "integrity": "sha1-VgiurfwAvmwpAd9fmGF4jeDVl8g="
    },
    "nan": {
      "version": "2.14.0",
      "resolved": "https://bandwidth.jfrog.io/bandwidth/api/npm/forge-npm/nan/-/nan-2.14.0.tgz",
      "integrity": "sha1-eBj3IgJ7JFmobwKV1DTR/CM2xSw="
    },
    "npm-run-path": {
      "version": "4.0.1",
      "resolved": "https://bandwidth.jfrog.io/bandwidth/api/npm/forge-npm/npm-run-path/-/npm-run-path-4.0.1.tgz",
      "integrity": "sha1-t+zR5e1T2o43pV4cImnguX7XSOo=",
      "requires": {
        "path-key": "^3.0.0"
      }
    },
    "oauth-sign": {
      "version": "0.8.2",
      "resolved": "https://registry.npmjs.org/oauth-sign/-/oauth-sign-0.8.2.tgz",
      "integrity": "sha1-Rqarfwrq2N6unsBWV4C31O/rnUM="
    },
    "once": {
      "version": "1.4.0",
      "resolved": "https://bandwidth.jfrog.io/bandwidth/api/npm/forge-npm/once/-/once-1.4.0.tgz",
      "integrity": "sha1-WDsap3WWHUsROsF9nFC6753Xa9E=",
      "requires": {
        "wrappy": "1"
      }
    },
    "onetime": {
      "version": "5.1.0",
      "resolved": "https://bandwidth.jfrog.io/bandwidth/api/npm/forge-npm/onetime/-/onetime-5.1.0.tgz",
      "integrity": "sha1-//DzyRYX/mK7UBiWNumayKbfe+U=",
      "requires": {
        "mimic-fn": "^2.1.0"
      }
    },
    "p-finally": {
      "version": "2.0.1",
      "resolved": "https://bandwidth.jfrog.io/bandwidth/api/npm/forge-npm/p-finally/-/p-finally-2.0.1.tgz",
      "integrity": "sha1-vW/KqcVZoJa2gIBvTWV7Pw8kBWE="
    },
    "path-key": {
      "version": "3.1.1",
      "resolved": "https://bandwidth.jfrog.io/bandwidth/api/npm/forge-npm/path-key/-/path-key-3.1.1.tgz",
      "integrity": "sha1-WB9q3mWMu6ZaDTOA3ndTKVBU83U="
    },
    "performance-now": {
      "version": "2.1.0",
      "resolved": "https://registry.npmjs.org/performance-now/-/performance-now-2.1.0.tgz",
      "integrity": "sha1-Ywn04OX6kT7BxpMHrjZLSzd8nns="
    },
    "protobufjs": {
      "version": "6.11.3",
      "resolved": "https://registry.npmjs.org/protobufjs/-/protobufjs-6.11.3.tgz",
      "integrity": "sha512-xL96WDdCZYdU7Slin569tFX712BxsxslWwAfAhCYjQKGTq7dAU91Lomy6nLLhh/dyGhk/YH4TwTSRxTzhuHyZg==",
      "requires": {
        "@protobufjs/aspromise": "^1.1.2",
        "@protobufjs/base64": "^1.1.2",
        "@protobufjs/codegen": "^2.0.4",
        "@protobufjs/eventemitter": "^1.1.0",
        "@protobufjs/fetch": "^1.1.0",
        "@protobufjs/float": "^1.0.2",
        "@protobufjs/inquire": "^1.1.0",
        "@protobufjs/path": "^1.1.2",
        "@protobufjs/pool": "^1.1.0",
        "@protobufjs/utf8": "^1.1.0",
        "@types/long": "^4.0.1",
        "@types/node": ">=13.7.0",
        "long": "^4.0.0"
      },
      "dependencies": {
        "@types/node": {
          "version": "17.0.38",
          "resolved": "https://registry.npmjs.org/@types/node/-/node-17.0.38.tgz",
          "integrity": "sha512-5jY9RhV7c0Z4Jy09G+NIDTsCZ5G0L5n+Z+p+Y7t5VJHM30bgwzSjVtlcBxqAj+6L/swIlvtOSzr8rBk/aNyV2g=="
        }
      }
    },
    "psl": {
      "version": "1.7.0",
      "resolved": "https://bandwidth.jfrog.io/bandwidth/api/npm/forge-npm/psl/-/psl-1.7.0.tgz",
      "integrity": "sha1-8cTEeo75cWfepda79IFtc26ISjw="
    },
    "pump": {
      "version": "3.0.0",
      "resolved": "https://bandwidth.jfrog.io/bandwidth/api/npm/forge-npm/pump/-/pump-3.0.0.tgz",
      "integrity": "sha1-tKIRaBW94vTh6mAjVOjHVWUQemQ=",
      "requires": {
        "end-of-stream": "^1.1.0",
        "once": "^1.3.1"
      }
    },
    "punycode": {
      "version": "1.4.1",
      "resolved": "https://registry.npmjs.org/punycode/-/punycode-1.4.1.tgz",
      "integrity": "sha1-wNWmOycYgArY4esPpSachN1BhF4="
    },
    "qs": {
      "version": "6.5.1",
      "resolved": "https://registry.npmjs.org/qs/-/qs-6.5.1.tgz",
      "integrity": "sha512-eRzhrN1WSINYCDCbrz796z37LOe3m5tmW7RQf6oBntukAG1nmovJvhnwHHRMAfeoItc1m2Hk02WER2aQ/iqs+A=="
    },
    "request": {
      "version": "2.83.0",
      "resolved": "https://registry.npmjs.org/request/-/request-2.83.0.tgz",
      "integrity": "sha512-lR3gD69osqm6EYLk9wB/G1W/laGWjzH90t1vEa2xuxHD5KUrSzp9pUSfTm+YC5Nxt2T8nMPEvKlhbQayU7bgFw==",
      "requires": {
        "aws-sign2": "~0.7.0",
        "aws4": "^1.6.0",
        "caseless": "~0.12.0",
        "combined-stream": "~1.0.5",
        "extend": "~3.0.1",
        "forever-agent": "~0.6.1",
        "form-data": "~2.3.1",
        "har-validator": "~5.0.3",
        "hawk": "~6.0.2",
        "http-signature": "~1.2.0",
        "is-typedarray": "~1.0.0",
        "isstream": "~0.1.2",
        "json-stringify-safe": "~5.0.1",
        "mime-types": "~2.1.17",
        "oauth-sign": "~0.8.2",
        "performance-now": "^2.1.0",
        "qs": "~6.5.1",
        "safe-buffer": "^5.1.1",
        "stringstream": "~0.0.5",
        "tough-cookie": "~2.3.3",
        "tunnel-agent": "^0.6.0",
        "uuid": "^3.1.0"
      }
    },
    "safe-buffer": {
      "version": "5.1.1",
      "resolved": "https://registry.npmjs.org/safe-buffer/-/safe-buffer-5.1.1.tgz",
      "integrity": "sha512-kKvNJn6Mm93gAczWVJg7wH+wGYWNrDHdWvpUmHyEsgCtIwwo3bqPtV4tR5tuPaUhTOo/kvhVwd8XwwOllGYkbg=="
    },
    "safer-buffer": {
      "version": "2.1.2",
      "resolved": "https://bandwidth.jfrog.io/bandwidth/api/npm/forge-npm/safer-buffer/-/safer-buffer-2.1.2.tgz",
      "integrity": "sha1-RPoWGwGHuVSd2Eu5GAL5vYOFzWo="
    },
    "shebang-command": {
      "version": "2.0.0",
      "resolved": "https://bandwidth.jfrog.io/bandwidth/api/npm/forge-npm/shebang-command/-/shebang-command-2.0.0.tgz",
      "integrity": "sha1-zNCvT4g1+9wmW4JGGq8MNmY/NOo=",
      "requires": {
        "shebang-regex": "^3.0.0"
      }
    },
    "shebang-regex": {
      "version": "3.0.0",
      "resolved": "https://bandwidth.jfrog.io/bandwidth/api/npm/forge-npm/shebang-regex/-/shebang-regex-3.0.0.tgz",
      "integrity": "sha1-rhbxZE2HPsrYQ7AwexQzYtTEIXI="
    },
    "signal-exit": {
      "version": "3.0.2",
      "resolved": "https://bandwidth.jfrog.io/bandwidth/api/npm/forge-npm/signal-exit/-/signal-exit-3.0.2.tgz",
      "integrity": "sha1-tf3AjxKH6hF4Yo5BXiUTK3NkbG0="
    },
    "sntp": {
      "version": "2.0.2",
      "resolved": "https://registry.npmjs.org/sntp/-/sntp-2.0.2.tgz",
      "integrity": "sha1-UGQRDwr4X3z9t9a2ekACjOUrSys=",
      "requires": {
        "hoek": "4.x.x"
      }
    },
    "sshpk": {
      "version": "1.16.1",
      "resolved": "https://bandwidth.jfrog.io/bandwidth/api/npm/forge-npm/sshpk/-/sshpk-1.16.1.tgz",
      "integrity": "sha1-+2YcC+8ps520B2nuOfpwCT1vaHc=",
      "requires": {
        "asn1": "~0.2.3",
        "assert-plus": "^1.0.0",
        "bcrypt-pbkdf": "^1.0.0",
        "dashdash": "^1.12.0",
        "ecc-jsbn": "~0.1.1",
        "getpass": "^0.1.1",
        "jsbn": "~0.1.0",
        "safer-buffer": "^2.0.2",
        "tweetnacl": "~0.14.0"
      }
    },
    "streamify": {
      "version": "0.2.9",
      "resolved": "https://bandwidth.jfrog.io/bandwidth/api/npm/forge-npm/streamify/-/streamify-0.2.9.tgz",
      "integrity": "sha1-iTixTbSR4ra+T42ZzEEzyfA4Tws=",
      "requires": {
        "hashish": "~0.0.4"
      }
    },
    "stringstream": {
      "version": "0.0.5",
      "resolved": "https://registry.npmjs.org/stringstream/-/stringstream-0.0.5.tgz",
      "integrity": "sha1-TkhM1N5aC7vuGORjB3EKioFiGHg="
    },
    "strip-final-newline": {
      "version": "2.0.0",
      "resolved": "https://bandwidth.jfrog.io/bandwidth/api/npm/forge-npm/strip-final-newline/-/strip-final-newline-2.0.0.tgz",
      "integrity": "sha1-ibhS+y/L6Tb29LMYevsKEsGrWK0="
    },
    "tough-cookie": {
      "version": "2.3.3",
      "resolved": "https://registry.npmjs.org/tough-cookie/-/tough-cookie-2.3.3.tgz",
      "integrity": "sha1-C2GKVWW23qkL80JdBNVe3EdadWE=",
      "requires": {
        "punycode": "^1.4.1"
      }
    },
    "traverse": {
      "version": "0.6.6",
      "resolved": "https://bandwidth.jfrog.io/bandwidth/api/npm/forge-npm/traverse/-/traverse-0.6.6.tgz",
      "integrity": "sha1-y99WD9e5r2MlAv7UD5GMFX6pcTc="
    },
    "tunnel-agent": {
      "version": "0.6.0",
      "resolved": "https://registry.npmjs.org/tunnel-agent/-/tunnel-agent-0.6.0.tgz",
      "integrity": "sha1-J6XeoGs2sEoKmWZ3SykIaPD8QP0=",
      "requires": {
        "safe-buffer": "^5.0.1"
      }
    },
    "tweetnacl": {
      "version": "0.14.5",
      "resolved": "https://registry.npmjs.org/tweetnacl/-/tweetnacl-0.14.5.tgz",
      "integrity": "sha1-WuaBd/GS1EViadEIr6k/+HQ/T2Q="
    },
    "universalify": {
      "version": "0.1.2",
      "resolved": "https://bandwidth.jfrog.io/bandwidth/api/npm/forge-npm/universalify/-/universalify-0.1.2.tgz",
      "integrity": "sha1-tkb2m+OULavOzJ1mOcgNwQXvqmY="
    },
    "uri-js": {
      "version": "4.2.2",
      "resolved": "https://bandwidth.jfrog.io/bandwidth/api/npm/forge-npm/uri-js/-/uri-js-4.2.2.tgz",
      "integrity": "sha1-lMVA4f93KVbiKZUHwBCupsiDjrA=",
      "requires": {
        "punycode": "^2.1.0"
      },
      "dependencies": {
        "punycode": {
          "version": "2.1.1",
          "resolved": "https://bandwidth.jfrog.io/bandwidth/api/npm/forge-npm/punycode/-/punycode-2.1.1.tgz",
          "integrity": "sha1-tYsBCsQMIsVldhbI0sLALHv0eew="
        }
      }
    },
    "uuid": {
      "version": "3.1.0",
      "resolved": "https://registry.npmjs.org/uuid/-/uuid-3.1.0.tgz",
      "integrity": "sha512-DIWtzUkw04M4k3bf1IcpS2tngXEL26YUD2M0tMDUpnUrz2hgzUBlD55a4FjdLGPvfHxS6uluGWvaVEqgBcVa+g=="
    },
    "verror": {
      "version": "1.10.0",
      "resolved": "https://registry.npmjs.org/verror/-/verror-1.10.0.tgz",
      "integrity": "sha1-OhBcoXBTr1XW4nDB+CiGguGNpAA=",
      "requires": {
        "assert-plus": "^1.0.0",
        "core-util-is": "1.0.2",
        "extsprintf": "^1.2.0"
      }
    },
    "which": {
      "version": "2.0.2",
      "resolved": "https://bandwidth.jfrog.io/bandwidth/api/npm/forge-npm/which/-/which-2.0.2.tgz",
      "integrity": "sha1-fGqN0KY2oDJ+ELWckobu6T8/UbE=",
      "requires": {
        "isexe": "^2.0.0"
      }
    },
    "wrappy": {
      "version": "1.0.2",
      "resolved": "https://bandwidth.jfrog.io/bandwidth/api/npm/forge-npm/wrappy/-/wrappy-1.0.2.tgz",
      "integrity": "sha1-tSQ9jz7BqjXxNkYFvA0QNuMKtp8="
    },
    "youtube-dl": {
      "version": "3.0.2",
      "resolved": "https://bandwidth.jfrog.io/bandwidth/api/npm/forge-npm/youtube-dl/-/youtube-dl-3.0.2.tgz",
      "integrity": "sha1-ZiNr+9yTEn7+On8CiU7FRLI+iqc=",
      "requires": {
        "debug": "~4.1.1",
        "execa": "~3.2.0",
        "hh-mm-ss": "~1.2.0",
        "mkdirp": "~0.5.1",
        "request": "~2.88.0",
        "streamify": "~0.2.9",
        "universalify": "~0.1.2"
      },
      "dependencies": {
        "ajv": {
          "version": "6.12.0",
          "resolved": "https://bandwidth.jfrog.io/bandwidth/api/npm/forge-npm/ajv/-/ajv-6.12.0.tgz",
          "integrity": "sha1-BtYLlth7hFSlrauobnhU2mKdtLc=",
          "requires": {
            "fast-deep-equal": "^3.1.1",
            "fast-json-stable-stringify": "^2.0.0",
            "json-schema-traverse": "^0.4.1",
            "uri-js": "^4.2.2"
          }
        },
        "aws4": {
          "version": "1.9.1",
          "resolved": "https://bandwidth.jfrog.io/bandwidth/api/npm/forge-npm/aws4/-/aws4-1.9.1.tgz",
          "integrity": "sha1-fjPY99RJs/ZzzXLeuavcVS2+Uo4="
        },
        "combined-stream": {
          "version": "1.0.8",
          "resolved": "https://bandwidth.jfrog.io/bandwidth/api/npm/forge-npm/combined-stream/-/combined-stream-1.0.8.tgz",
          "integrity": "sha1-w9RaizT9cwYxoRCoolIGgrMdWn8=",
          "requires": {
            "delayed-stream": "~1.0.0"
          }
        },
        "debug": {
          "version": "4.1.1",
          "resolved": "https://bandwidth.jfrog.io/bandwidth/api/npm/forge-npm/debug/-/debug-4.1.1.tgz",
          "integrity": "sha1-O3ImAlUQnGtYnO4FDx1RYTlmR5E=",
          "requires": {
            "ms": "^2.1.1"
          }
        },
        "extend": {
          "version": "3.0.2",
          "resolved": "https://bandwidth.jfrog.io/bandwidth/api/npm/forge-npm/extend/-/extend-3.0.2.tgz",
          "integrity": "sha1-+LETa0Bx+9jrFAr/hYsQGewpFfo="
        },
        "fast-deep-equal": {
          "version": "3.1.1",
          "resolved": "https://bandwidth.jfrog.io/bandwidth/api/npm/forge-npm/fast-deep-equal/-/fast-deep-equal-3.1.1.tgz",
          "integrity": "sha1-VFFFB3xQFJHjOxXsQIwpQ3bpSuQ="
        },
        "form-data": {
          "version": "2.3.3",
          "resolved": "https://bandwidth.jfrog.io/bandwidth/api/npm/forge-npm/form-data/-/form-data-2.3.3.tgz",
          "integrity": "sha1-3M5SwF9kTymManq5Nr1yTO/786Y=",
          "requires": {
            "asynckit": "^0.4.0",
            "combined-stream": "^1.0.6",
            "mime-types": "^2.1.12"
          }
        },
        "har-validator": {
          "version": "5.1.3",
          "resolved": "https://bandwidth.jfrog.io/bandwidth/api/npm/forge-npm/har-validator/-/har-validator-5.1.3.tgz",
          "integrity": "sha1-HvievT5JllV2de7ZiTEQ3DUPoIA=",
          "requires": {
            "ajv": "^6.5.5",
            "har-schema": "^2.0.0"
          }
        },
        "json-schema-traverse": {
          "version": "0.4.1",
          "resolved": "https://bandwidth.jfrog.io/bandwidth/api/npm/forge-npm/json-schema-traverse/-/json-schema-traverse-0.4.1.tgz",
          "integrity": "sha1-afaofZUTq4u4/mO9sJecRI5oRmA="
        },
        "mime-db": {
          "version": "1.43.0",
          "resolved": "https://bandwidth.jfrog.io/bandwidth/api/npm/forge-npm/mime-db/-/mime-db-1.43.0.tgz",
          "integrity": "sha1-ChLgUCZQ5HPXNVNQUOfI9OtPrlg="
        },
        "mime-types": {
          "version": "2.1.26",
          "resolved": "https://bandwidth.jfrog.io/bandwidth/api/npm/forge-npm/mime-types/-/mime-types-2.1.26.tgz",
          "integrity": "sha1-nJIfwJt+FJpl39wNpNIJlyALCgY=",
          "requires": {
            "mime-db": "1.43.0"
          }
        },
        "ms": {
          "version": "2.1.2",
          "resolved": "https://bandwidth.jfrog.io/bandwidth/api/npm/forge-npm/ms/-/ms-2.1.2.tgz",
          "integrity": "sha1-0J0fNXtEP0kzgqjrPM0YOHKuYAk="
        },
        "oauth-sign": {
          "version": "0.9.0",
          "resolved": "https://bandwidth.jfrog.io/bandwidth/api/npm/forge-npm/oauth-sign/-/oauth-sign-0.9.0.tgz",
          "integrity": "sha1-R6ewFrqmi1+g7PPe4IqFxnmsZFU="
        },
        "punycode": {
          "version": "2.1.1",
          "resolved": "https://bandwidth.jfrog.io/bandwidth/api/npm/forge-npm/punycode/-/punycode-2.1.1.tgz",
          "integrity": "sha1-tYsBCsQMIsVldhbI0sLALHv0eew="
        },
        "qs": {
          "version": "6.5.2",
          "resolved": "https://bandwidth.jfrog.io/bandwidth/api/npm/forge-npm/qs/-/qs-6.5.2.tgz",
          "integrity": "sha1-yzroBuh0BERYTvFUzo7pjUA/PjY="
        },
        "request": {
          "version": "2.88.2",
          "resolved": "https://bandwidth.jfrog.io/bandwidth/api/npm/forge-npm/request/-/request-2.88.2.tgz",
          "integrity": "sha1-1zyRhzHLWofaBH4gcjQUb2ZNErM=",
          "requires": {
            "aws-sign2": "~0.7.0",
            "aws4": "^1.8.0",
            "caseless": "~0.12.0",
            "combined-stream": "~1.0.6",
            "extend": "~3.0.2",
            "forever-agent": "~0.6.1",
            "form-data": "~2.3.2",
            "har-validator": "~5.1.3",
            "http-signature": "~1.2.0",
            "is-typedarray": "~1.0.0",
            "isstream": "~0.1.2",
            "json-stringify-safe": "~5.0.1",
            "mime-types": "~2.1.19",
            "oauth-sign": "~0.9.0",
            "performance-now": "^2.1.0",
            "qs": "~6.5.2",
            "safe-buffer": "^5.1.2",
            "tough-cookie": "~2.5.0",
            "tunnel-agent": "^0.6.0",
            "uuid": "^3.3.2"
          }
        },
        "safe-buffer": {
          "version": "5.2.0",
          "resolved": "https://bandwidth.jfrog.io/bandwidth/api/npm/forge-npm/safe-buffer/-/safe-buffer-5.2.0.tgz",
          "integrity": "sha1-t02uxJsRSPiMZLaNSbHoFcHy9Rk="
        },
        "tough-cookie": {
          "version": "2.5.0",
          "resolved": "https://bandwidth.jfrog.io/bandwidth/api/npm/forge-npm/tough-cookie/-/tough-cookie-2.5.0.tgz",
          "integrity": "sha1-zZ+yoKodWhK0c72fuW+j3P9lreI=",
          "requires": {
            "psl": "^1.1.28",
            "punycode": "^2.1.1"
          }
        },
        "uuid": {
          "version": "3.4.0",
          "resolved": "https://bandwidth.jfrog.io/bandwidth/api/npm/forge-npm/uuid/-/uuid-3.4.0.tgz",
          "integrity": "sha1-sj5DWK+oogL+ehAK8fX4g/AgB+4="
        }
      }
    },
    "zero-fill": {
      "version": "2.2.3",
      "resolved": "https://bandwidth.jfrog.io/bandwidth/api/npm/forge-npm/zero-fill/-/zero-fill-2.2.3.tgz",
      "integrity": "sha1-o97wa6XjmuZEhQu0yirUEStIVek="
    }
  }
}
